
Microsoft Visual Studio Solution File, Format Version 12.00
# Visual Studio Version 17
VisualStudioVersion = 17.13.35913.81
MinimumVisualStudioVersion = 10.0.40219.1
Project("{FAE04EC0-301F-11D3-BF4B-00C04F79EFBC}") = "CrypticCode", "CrypticCode\CrypticCode.csproj", "{CF49BEC5-E464-B80D-6003-34C418F39943}"
EndProject
Project("{F2A71F9B-5D33-465A-A702-920D77279786}") = "Utility", "Utility\Utility.fsproj", "{66D2A2A1-E8ED-F64C-CC24-3832CB37E621}"
EndProject
Global
	GlobalSection(SolutionConfigurationPlatforms) = preSolution
		Debug|Any CPU = Debug|Any CPU
		Release|Any CPU = Release|Any CPU
	EndGlobalSection
	GlobalSection(ProjectConfigurationPlatforms) = postSolution
		{CF49BEC5-E464-B80D-6003-34C418F39943}.Debug|Any CPU.ActiveCfg = Debug|Any CPU
		{CF49BEC5-E464-B80D-6003-34C418F39943}.Debug|Any CPU.Build.0 = Debug|Any CPU
		{CF49BEC5-E464-B80D-6003-34C418F39943}.Release|Any CPU.ActiveCfg = Release|Any CPU
		{CF49BEC5-E464-B80D-6003-34C418F39943}.Release|Any CPU.Build.0 = Release|Any CPU
		{66D2A2A1-E8ED-F64C-CC24-3832CB37E621}.Debug|Any CPU.ActiveCfg = Debug|Any CPU
		{66D2A2A1-E8ED-F64C-CC24-3832CB37E621}.Debug|Any CPU.Build.0 = Debug|Any CPU
		{66D2A2A1-E8ED-F64C-CC24-3832CB37E621}.Release|Any CPU.ActiveCfg = Release|Any CPU
		{66D2A2A1-E8ED-F64C-CC24-3832CB37E621}.Release|Any CPU.Build.0 = Release|Any CPU
	EndGlobalSection
	GlobalSection(SolutionProperties) = preSolution
		HideSolutionNode = FALSE
	EndGlobalSection
	GlobalSection(ExtensibilityGlobals) = postSolution
		SolutionGuid = {BB53834D-B9B8-40D0-B600-88A6162CEDB0}
	EndGlobalSection
EndGlobal
